
Microsoft Visual Studio Solution File, Format Version 12.00
# Visual Studio Version 17
VisualStudioVersion = 17.0.31903.59
MinimumVisualStudioVersion = 10.0.40219.1
Project("{FAE04EC0-301F-11D3-BF4B-00C04F79EFBC}") = "API", "API\API.csproj", "{0A00F22B-E168-49F0-8D97-05F60A690308}"
EndProject
Project("{FAE04EC0-301F-11D3-BF4B-00C04F79EFBC}") = "Core", "Core\Core.csproj", "{5D9E39FA-4DF0-4D6E-928A-1A51B6E176BE}"
EndProject
Project("{FAE04EC0-301F-11D3-BF4B-00C04F79EFBC}") = "Infrastructure", "Infrastructure\Infrastructure.csproj", "{A0E6E084-77B7-43F2-8A8B-1556B03F7936}"
EndProject
Global
	GlobalSection(SolutionConfigurationPlatforms) = preSolution
		Debug|Any CPU = Debug|Any CPU
		Release|Any CPU = Release|Any CPU
	EndGlobalSection
	GlobalSection(SolutionProperties) = preSolution
		HideSolutionNode = FALSE
	EndGlobalSection
	GlobalSection(ProjectConfigurationPlatforms) = postSolution
		{0A00F22B-E168-49F0-8D97-05F60A690308}.Debug|Any CPU.ActiveCfg = Debug|Any CPU
		{0A00F22B-E168-49F0-8D97-05F60A690308}.Debug|Any CPU.Build.0 = Debug|Any CPU
		{0A00F22B-E168-49F0-8D97-05F60A690308}.Release|Any CPU.ActiveCfg = Release|Any CPU
		{0A00F22B-E168-49F0-8D97-05F60A690308}.Release|Any CPU.Build.0 = Release|Any CPU
		{5D9E39FA-4DF0-4D6E-928A-1A51B6E176BE}.Debug|Any CPU.ActiveCfg = Debug|Any CPU
		{5D9E39FA-4DF0-4D6E-928A-1A51B6E176BE}.Debug|Any CPU.Build.0 = Debug|Any CPU
		{5D9E39FA-4DF0-4D6E-928A-1A51B6E176BE}.Release|Any CPU.ActiveCfg = Release|Any CPU
		{5D9E39FA-4DF0-4D6E-928A-1A51B6E176BE}.Release|Any CPU.Build.0 = Release|Any CPU
		{A0E6E084-77B7-43F2-8A8B-1556B03F7936}.Debug|Any CPU.ActiveCfg = Debug|Any CPU
		{A0E6E084-77B7-43F2-8A8B-1556B03F7936}.Debug|Any CPU.Build.0 = Debug|Any CPU
		{A0E6E084-77B7-43F2-8A8B-1556B03F7936}.Release|Any CPU.ActiveCfg = Release|Any CPU
		{A0E6E084-77B7-43F2-8A8B-1556B03F7936}.Release|Any CPU.Build.0 = Release|Any CPU
	EndGlobalSection
EndGlobal
